// !$*UTF8*$!
{
	archiveVersion = 1;
	classes = {
	};
	objectVersion = 55;
	objects = {

/* Begin PBXBuildFile section */
		AA06FD57289B4788004FD095 /* AppDelegate.m in Sources */ = {isa = PBXBuildFile; fileRef = AA06FD56289B4788004FD095 /* AppDelegate.m */; };
		AA06FD5A289B4788004FD095 /* SceneDelegate.m in Sources */ = {isa = PBXBuildFile; fileRef = AA06FD59289B4788004FD095 /* SceneDelegate.m */; };
		AA06FD5D289B4788004FD095 /* ViewController.m in Sources */ = {isa = PBXBuildFile; fileRef = AA06FD5C289B4788004FD095 /* ViewController.m */; };
		AA06FD60289B4788004FD095 /* Main.storyboard in Resources */ = {isa = PBXBuildFile; fileRef = AA06FD5E289B4788004FD095 /* Main.storyboard */; };
		AA06FD62289B4789004FD095 /* Assets.xcassets in Resources */ = {isa = PBXBuildFile; fileRef = AA06FD61289B4789004FD095 /* Assets.xcassets */; };
		AA06FD65289B4789004FD095 /* LaunchScreen.storyboard in Resources */ = {isa = PBXBuildFile; fileRef = AA06FD63289B4789004FD095 /* LaunchScreen.storyboard */; };
		AA06FD68289B4789004FD095 /* main.m in Sources */ = {isa = PBXBuildFile; fileRef = AA06FD67289B4789004FD095 /* main.m */; };
		AA06FD70289B47A0004FD095 /* TestFixtures.m in Sources */ = {isa = PBXBuildFile; fileRef = AA06FD6F289B47A0004FD095 /* TestFixtures.m */; };
/* End PBXBuildFile section */

/* Begin PBXFileReference section */
		AA06FD52289B4788004FD095 /* NativeiOS.app */ = {isa = PBXFileReference; explicitFileType = wrapper.application; includeInIndex = 0; path = NativeiOS.app; sourceTree = BUILT_PRODUCTS_DIR; };
		AA06FD55289B4788004FD095 /* AppDelegate.h */ = {isa = PBXFileReference; lastKnownFileType = sourcecode.c.h; path = AppDelegate.h; sourceTree = "<group>"; };
		AA06FD56289B4788004FD095 /* AppDelegate.m */ = {isa = PBXFileReference; lastKnownFileType = sourcecode.c.objc; path = AppDelegate.m; sourceTree = "<group>"; };
		AA06FD58289B4788004FD095 /* SceneDelegate.h */ = {isa = PBXFileReference; lastKnownFileType = sourcecode.c.h; path = SceneDelegate.h; sourceTree = "<group>"; };
		AA06FD59289B4788004FD095 /* SceneDelegate.m */ = {isa = PBXFileReference; lastKnownFileType = sourcecode.c.objc; path = SceneDelegate.m; sourceTree = "<group>"; };
		AA06FD5B289B4788004FD095 /* ViewController.h */ = {isa = PBXFileReference; lastKnownFileType = sourcecode.c.h; path = ViewController.h; sourceTree = "<group>"; };
		AA06FD5C289B4788004FD095 /* ViewController.m */ = {isa = PBXFileReference; lastKnownFileType = sourcecode.c.objc; path = ViewController.m; sourceTree = "<group>"; };
		AA06FD5F289B4788004FD095 /* Base */ = {isa = PBXFileReference; lastKnownFileType = file.storyboard; name = Base; path = Base.lproj/Main.storyboard; sourceTree = "<group>"; };
		AA06FD61289B4789004FD095 /* Assets.xcassets */ = {isa = PBXFileReference; lastKnownFileType = folder.assetcatalog; path = Assets.xcassets; sourceTree = "<group>"; };
		AA06FD64289B4789004FD095 /* Base */ = {isa = PBXFileReference; lastKnownFileType = file.storyboard; name = Base; path = Base.lproj/LaunchScreen.storyboard; sourceTree = "<group>"; };
		AA06FD66289B4789004FD095 /* Info.plist */ = {isa = PBXFileReference; lastKnownFileType = text.plist.xml; path = Info.plist; sourceTree = "<group>"; };
		AA06FD67289B4789004FD095 /* main.m */ = {isa = PBXFileReference; lastKnownFileType = sourcecode.c.objc; path = main.m; sourceTree = "<group>"; };
		AA06FD6E289B47A0004FD095 /* TestFixtures.h */ = {isa = PBXFileReference; fileEncoding = 4; lastKnownFileType = sourcecode.c.h; name = TestFixtures.h; path = ../../NativeScript/App_Resources/iOS/src/TestFixtures.h; sourceTree = "<group>"; };
		AA06FD6F289B47A0004FD095 /* TestFixtures.m */ = {isa = PBXFileReference; fileEncoding = 4; lastKnownFileType = sourcecode.c.objc; name = TestFixtures.m; path = ../../NativeScript/App_Resources/iOS/src/TestFixtures.m; sourceTree = "<group>"; };
		AA06FD71289B4CD4004FD095 /* GlobalTime.h */ = {isa = PBXFileReference; lastKnownFileType = sourcecode.c.h; path = GlobalTime.h; sourceTree = "<group>"; };
/* End PBXFileReference section */

/* Begin PBXFrameworksBuildPhase section */
		AA06FD4F289B4788004FD095 /* Frameworks */ = {
			isa = PBXFrameworksBuildPhase;
			buildActionMask = 2147483647;
			files = (
			);
			runOnlyForDeploymentPostprocessing = 0;
		};
/* End PBXFrameworksBuildPhase section */

/* Begin PBXGroup section */
		AA06FD49289B4788004FD095 = {
			isa = PBXGroup;
			children = (
				AA06FD54289B4788004FD095 /* NativeiOS */,
				AA06FD53289B4788004FD095 /* Products */,
			);
			sourceTree = "<group>";
		};
		AA06FD53289B4788004FD095 /* Products */ = {
			isa = PBXGroup;
			children = (
				AA06FD52289B4788004FD095 /* NativeiOS.app */,
			);
			name = Products;
			sourceTree = "<group>";
		};
		AA06FD54289B4788004FD095 /* NativeiOS */ = {
			isa = PBXGroup;
			children = (
				AA06FD6E289B47A0004FD095 /* TestFixtures.h */,
				AA06FD6F289B47A0004FD095 /* TestFixtures.m */,
				AA06FD55289B4788004FD095 /* AppDelegate.h */,
				AA06FD56289B4788004FD095 /* AppDelegate.m */,
				AA06FD58289B4788004FD095 /* SceneDelegate.h */,
				AA06FD59289B4788004FD095 /* SceneDelegate.m */,
				AA06FD5B289B4788004FD095 /* ViewController.h */,
				AA06FD5C289B4788004FD095 /* ViewController.m */,
				AA06FD71289B4CD4004FD095 /* GlobalTime.h */,
				AA06FD5E289B4788004FD095 /* Main.storyboard */,
				AA06FD61289B4789004FD095 /* Assets.xcassets */,
				AA06FD63289B4789004FD095 /* LaunchScreen.storyboard */,
				AA06FD66289B4789004FD095 /* Info.plist */,
				AA06FD67289B4789004FD095 /* main.m */,
			);
			path = NativeiOS;
			sourceTree = "<group>";
		};
/* End PBXGroup section */

/* Begin PBXNativeTarget section */
		AA06FD51289B4788004FD095 /* NativeiOS */ = {
			isa = PBXNativeTarget;
			buildConfigurationList = AA06FD6B289B4789004FD095 /* Build configuration list for PBXNativeTarget "NativeiOS" */;
			buildPhases = (
				AA06FD4E289B4788004FD095 /* Sources */,
				AA06FD4F289B4788004FD095 /* Frameworks */,
				AA06FD50289B4788004FD095 /* Resources */,
			);
			buildRules = (
			);
			dependencies = (
			);
			name = NativeiOS;
			productName = NativeiOS;
			productReference = AA06FD52289B4788004FD095 /* NativeiOS.app */;
			productType = "com.apple.product-type.application";
		};
/* End PBXNativeTarget section */

/* Begin PBXProject section */
		AA06FD4A289B4788004FD095 /* Project object */ = {
			isa = PBXProject;
			attributes = {
				BuildIndependentTargetsInParallel = 1;
				LastUpgradeCheck = 1340;
				TargetAttributes = {
					AA06FD51289B4788004FD095 = {
						CreatedOnToolsVersion = 13.4.1;
					};
				};
			};
			buildConfigurationList = AA06FD4D289B4788004FD095 /* Build configuration list for PBXProject "NativeiOS" */;
			compatibilityVersion = "Xcode 13.0";
			developmentRegion = en;
			hasScannedForEncodings = 0;
			knownRegions = (
				en,
				Base,
			);
			mainGroup = AA06FD49289B4788004FD095;
			productRefGroup = AA06FD53289B4788004FD095 /* Products */;
			projectDirPath = "";
			projectRoot = "";
			targets = (
				AA06FD51289B4788004FD095 /* NativeiOS */,
			);
		};
/* End PBXProject section */

/* Begin PBXResourcesBuildPhase section */
		AA06FD50289B4788004FD095 /* Resources */ = {
			isa = PBXResourcesBuildPhase;
			buildActionMask = 2147483647;
			files = (
				AA06FD65289B4789004FD095 /* LaunchScreen.storyboard in Resources */,
				AA06FD62289B4789004FD095 /* Assets.xcassets in Resources */,
				AA06FD60289B4788004FD095 /* Main.storyboard in Resources */,
			);
			runOnlyForDeploymentPostprocessing = 0;
		};
/* End PBXResourcesBuildPhase section */

/* Begin PBXSourcesBuildPhase section */
		AA06FD4E289B4788004FD095 /* Sources */ = {
			isa = PBXSourcesBuildPhase;
			buildActionMask = 2147483647;
			files = (
				AA06FD5D289B4788004FD095 /* ViewController.m in Sources */,
				AA06FD70289B47A0004FD095 /* TestFixtures.m in Sources */,
				AA06FD57289B4788004FD095 /* AppDelegate.m in Sources */,
				AA06FD68289B4789004FD095 /* main.m in Sources */,
				AA06FD5A289B4788004FD095 /* SceneDelegate.m in Sources */,
			);
			runOnlyForDeploymentPostprocessing = 0;
		};
/* End PBXSourcesBuildPhase section */

/* Begin PBXVariantGroup section */
		AA06FD5E289B4788004FD095 /* Main.storyboard */ = {
			isa = PBXVariantGroup;
			children = (
				AA06FD5F289B4788004FD095 /* Base */,
			);
			name = Main.storyboard;
			sourceTree = "<group>";
		};
		AA06FD63289B4789004FD095 /* LaunchScreen.storyboard */ = {
			isa = PBXVariantGroup;
			children = (
				AA06FD64289B4789004FD095 /* Base */,
			);
			name = LaunchScreen.storyboard;
			sourceTree = "<group>";
		};
/* End PBXVariantGroup section */

/* Begin XCBuildConfiguration section */
		AA06FD69289B4789004FD095 /* Debug */ = {
			isa = XCBuildConfiguration;
			buildSettings = {
				ALWAYS_SEARCH_USER_PATHS = NO;
				CLANG_ANALYZER_NONNULL = YES;
				CLANG_ANALYZER_NUMBER_OBJECT_CONVERSION = YES_AGGRESSIVE;
				CLANG_CXX_LANGUAGE_STANDARD = "gnu++17";
				CLANG_ENABLE_MODULES = YES;
				CLANG_ENABLE_OBJC_ARC = YES;
				CLANG_ENABLE_OBJC_WEAK = YES;
				CLANG_WARN_BLOCK_CAPTURE_AUTORELEASING = YES;
				CLANG_WARN_BOOL_CONVERSION = YES;
				CLANG_WARN_COMMA = YES;
				CLANG_WARN_CONSTANT_CONVERSION = YES;
				CLANG_WARN_DEPRECATED_OBJC_IMPLEMENTATIONS = YES;
				CLANG_WARN_DIRECT_OBJC_ISA_USAGE = YES_ERROR;
				CLANG_WARN_DOCUMENTATION_COMMENTS = YES;
				CLANG_WARN_EMPTY_BODY = YES;
				CLANG_WARN_ENUM_CONVERSION = YES;
				CLANG_WARN_INFINITE_RECURSION = YES;
				CLANG_WARN_INT_CONVERSION = YES;
				CLANG_WARN_NON_LITERAL_NULL_CONVERSION = YES;
				CLANG_WARN_OBJC_IMPLICIT_RETAIN_SELF = YES;
				CLANG_WARN_OBJC_LITERAL_CONVERSION = YES;
				CLANG_WARN_OBJC_ROOT_CLASS = YES_ERROR;
				CLANG_WARN_QUOTED_INCLUDE_IN_FRAMEWORK_HEADER = YES;
				CLANG_WARN_RANGE_LOOP_ANALYSIS = YES;
				CLANG_WARN_STRICT_PROTOTYPES = YES;
				CLANG_WARN_SUSPICIOUS_MOVE = YES;
				CLANG_WARN_UNGUARDED_AVAILABILITY = YES_AGGRESSIVE;
				CLANG_WARN_UNREACHABLE_CODE = YES;
				CLANG_WARN__DUPLICATE_METHOD_MATCH = YES;
				COPY_PHASE_STRIP = NO;
				DEBUG_INFORMATION_FORMAT = dwarf;
				ENABLE_STRICT_OBJC_MSGSEND = YES;
				ENABLE_TESTABILITY = YES;
				GCC_C_LANGUAGE_STANDARD = gnu11;
				GCC_DYNAMIC_NO_PIC = NO;
				GCC_NO_COMMON_BLOCKS = YES;
				GCC_OPTIMIZATION_LEVEL = 0;
				GCC_PREPROCESSOR_DEFINITIONS = (
					"DEBUG=1",
					"$(inherited)",
				);
				GCC_WARN_64_TO_32_BIT_CONVERSION = YES;
				GCC_WARN_ABOUT_RETURN_TYPE = YES_ERROR;
				GCC_WARN_UNDECLARED_SELECTOR = YES;
				GCC_WARN_UNINITIALIZED_AUTOS = YES_AGGRESSIVE;
				GCC_WARN_UNUSED_FUNCTION = YES;
				GCC_WARN_UNUSED_VARIABLE = YES;
				IPHONEOS_DEPLOYMENT_TARGET = 15.5;
				MTL_ENABLE_DEBUG_INFO = INCLUDE_SOURCE;
				MTL_FAST_MATH = YES;
				ONLY_ACTIVE_ARCH = YES;
				SDKROOT = iphoneos;
			};
			name = Debug;
		};
		AA06FD6A289B4789004FD095 /* Release */ = {
			isa = XCBuildConfiguration;
			buildSettings = {
				ALWAYS_SEARCH_USER_PATHS = NO;
				CLANG_ANALYZER_NONNULL = YES;
				CLANG_ANALYZER_NUMBER_OBJECT_CONVERSION = YES_AGGRESSIVE;
				CLANG_CXX_LANGUAGE_STANDARD = "gnu++17";
				CLANG_ENABLE_MODULES = YES;
				CLANG_ENABLE_OBJC_ARC = YES;
				CLANG_ENABLE_OBJC_WEAK = YES;
				CLANG_WARN_BLOCK_CAPTURE_AUTORELEASING = YES;
				CLANG_WARN_BOOL_CONVERSION = YES;
				CLANG_WARN_COMMA = YES;
				CLANG_WARN_CONSTANT_CONVERSION = YES;
				CLANG_WARN_DEPRECATED_OBJC_IMPLEMENTATIONS = YES;
				CLANG_WARN_DIRECT_OBJC_ISA_USAGE = YES_ERROR;
				CLANG_WARN_DOCUMENTATION_COMMENTS = YES;
				CLANG_WARN_EMPTY_BODY = YES;
				CLANG_WARN_ENUM_CONVERSION = YES;
				CLANG_WARN_INFINITE_RECURSION = YES;
				CLANG_WARN_INT_CONVERSION = YES;
				CLANG_WARN_NON_LITERAL_NULL_CONVERSION = YES;
				CLANG_WARN_OBJC_IMPLICIT_RETAIN_SELF = YES;
				CLANG_WARN_OBJC_LITERAL_CONVERSION = YES;
				CLANG_WARN_OBJC_ROOT_CLASS = YES_ERROR;
				CLANG_WARN_QUOTED_INCLUDE_IN_FRAMEWORK_HEADER = YES;
				CLANG_WARN_RANGE_LOOP_ANALYSIS = YES;
				CLANG_WARN_STRICT_PROTOTYPES = YES;
				CLANG_WARN_SUSPICIOUS_MOVE = YES;
				CLANG_WARN_UNGUARDED_AVAILABILITY = YES_AGGRESSIVE;
				CLANG_WARN_UNREACHABLE_CODE = YES;
				CLANG_WARN__DUPLICATE_METHOD_MATCH = YES;
				COPY_PHASE_STRIP = NO;
				DEBUG_INFORMATION_FORMAT = "dwarf-with-dsym";
				ENABLE_NS_ASSERTIONS = NO;
				ENABLE_STRICT_OBJC_MSGSEND = YES;
				GCC_C_LANGUAGE_STANDARD = gnu11;
				GCC_NO_COMMON_BLOCKS = YES;
				GCC_WARN_64_TO_32_BIT_CONVERSION = YES;
				GCC_WARN_ABOUT_RETURN_TYPE = YES_ERROR;
				GCC_WARN_UNDECLARED_SELECTOR = YES;
				GCC_WARN_UNINITIALIZED_AUTOS = YES_AGGRESSIVE;
				GCC_WARN_UNUSED_FUNCTION = YES;
				GCC_WARN_UNUSED_VARIABLE = YES;
				IPHONEOS_DEPLOYMENT_TARGET = 15.5;
				MTL_ENABLE_DEBUG_INFO = NO;
				MTL_FAST_MATH = YES;
				SDKROOT = iphoneos;
				VALIDATE_PRODUCT = YES;
			};
			name = Release;
		};
		AA06FD6C289B4789004FD095 /* Debug */ = {
			isa = XCBuildConfiguration;
			buildSettings = {
				ASSETCATALOG_COMPILER_APPICON_NAME = AppIcon;
				ASSETCATALOG_COMPILER_GLOBAL_ACCENT_COLOR_NAME = AccentColor;
				CODE_SIGN_STYLE = Automatic;
				CURRENT_PROJECT_VERSION = 1;
				DEVELOPMENT_TEAM = CS838V553Y;
				GENERATE_INFOPLIST_FILE = YES;
				INFOPLIST_FILE = NativeiOS/Info.plist;
				INFOPLIST_KEY_UIApplicationSupportsIndirectInputEvents = YES;
				INFOPLIST_KEY_UILaunchStoryboardName = LaunchScreen;
				INFOPLIST_KEY_UIMainStoryboardFile = Main;
				INFOPLIST_KEY_UISupportedInterfaceOrientations_iPad = "UIInterfaceOrientationPortrait UIInterfaceOrientationPortraitUpsideDown UIInterfaceOrientationLandscapeLeft UIInterfaceOrientationLandscapeRight";
				INFOPLIST_KEY_UISupportedInterfaceOrientations_iPhone = "UIInterfaceOrientationPortrait UIInterfaceOrientationLandscapeLeft UIInterfaceOrientationLandscapeRight";
				LD_RUNPATH_SEARCH_PATHS = (
					"$(inherited)",
					"@executable_path/Frameworks",
				);
				MARKETING_VERSION = 1.0;
				PRODUCT_BUNDLE_IDENTIFIER = org.nativescript.profiling.NativeiOS;
				PRODUCT_NAME = "$(TARGET_NAME)";
				SWIFT_EMIT_LOC_STRINGS = YES;
				TARGETED_DEVICE_FAMILY = "1,2";
			};
			name = Debug;
		};
		AA06FD6D289B4789004FD095 /* Release */ = {
			isa = XCBuildConfiguration;
			buildSettings = {
				ASSETCATALOG_COMPILER_APPICON_NAME = AppIcon;
				ASSETCATALOG_COMPILER_GLOBAL_ACCENT_COLOR_NAME = AccentColor;
				CODE_SIGN_STYLE = Automatic;
				CURRENT_PROJECT_VERSION = 1;
				DEVELOPMENT_TEAM = CS838V553Y;
				GENERATE_INFOPLIST_FILE = YES;
				INFOPLIST_FILE = NativeiOS/Info.plist;
				INFOPLIST_KEY_UIApplicationSupportsIndirectInputEvents = YES;
				INFOPLIST_KEY_UILaunchStoryboardName = LaunchScreen;
				INFOPLIST_KEY_UIMainStoryboardFile = Main;
				INFOPLIST_KEY_UISupportedInterfaceOrientations_iPad = "UIInterfaceOrientationPortrait UIInterfaceOrientationPortraitUpsideDown UIInterfaceOrientationLandscapeLeft UIInterfaceOrientationLandscapeRight";
				INFOPLIST_KEY_UISupportedInterfaceOrientations_iPhone = "UIInterfaceOrientationPortrait UIInterfaceOrientationLandscapeLeft UIInterfaceOrientationLandscapeRight";
				LD_RUNPATH_SEARCH_PATHS = (
					"$(inherited)",
					"@executable_path/Frameworks",
				);
				MARKETING_VERSION = 1.0;
				PRODUCT_BUNDLE_IDENTIFIER = org.nativescript.profiling.NativeiOS;
				PRODUCT_NAME = "$(TARGET_NAME)";
				SWIFT_EMIT_LOC_STRINGS = YES;
				TARGETED_DEVICE_FAMILY = "1,2";
			};
			name = Release;
		};
/* End XCBuildConfiguration section */

/* Begin XCConfigurationList section */
		AA06FD4D289B4788004FD095 /* Build configuration list for PBXProject "NativeiOS" */ = {
			isa = XCConfigurationList;
			buildConfigurations = (
				AA06FD69289B4789004FD095 /* Debug */,
				AA06FD6A289B4789004FD095 /* Release */,
			);
			defaultConfigurationIsVisible = 0;
			defaultConfigurationName = Release;
		};
		AA06FD6B289B4789004FD095 /* Build configuration list for PBXNativeTarget "NativeiOS" */ = {
			isa = XCConfigurationList;
			buildConfigurations = (
				AA06FD6C289B4789004FD095 /* Debug */,
				AA06FD6D289B4789004FD095 /* Release */,
			);
			defaultConfigurationIsVisible = 0;
			defaultConfigurationName = Release;
		};
/* End XCConfigurationList section */
	};
	rootObject = AA06FD4A289B4788004FD095 /* Project object */;
}
